{
  "name": "groupq",
  "version": "0.0.1",
  "lockfileVersion": 1,
  "requires": true,
  "dependencies": {
    "@types/node": {
      "version": "11.13.8",
      "resolved": "http://repository.vnerd.com/artifactory/api/npm/npm-pluralsight/@types/node/-/node-11.13.8.tgz",
      "integrity": "sha1-5dcRc8lVM76YQrLHmJePCV+RKqs="
    },
    "any-promise": {
      "version": "1.3.0",
      "resolved": "http://repository.vnerd.com/artifactory/api/npm/npm-pluralsight/any-promise/-/any-promise-1.3.0.tgz",
      "integrity": "sha1-q8av7tzqUugJzcA3au0845Y10X8="
    },
    "bluebird": {
      "version": "3.5.2",
      "resolved": "http://repository.vnerd.com/artifactory/api/npm/npm-pluralsight/bluebird/-/bluebird-3.5.2.tgz",
      "integrity": "sha1-G+CQjgVKdRdUVJwnBInBUF1KsVo="
    },
    "buffer-writer": {
      "version": "2.0.0",
      "resolved": "http://repository.vnerd.com/artifactory/api/npm/npm-pluralsight/buffer-writer/-/buffer-writer-2.0.0.tgz",
      "integrity": "sha1-zn64Gjj3gp2wnIc/L7t5LAyY7AQ="
    },
    "cls-bluebird": {
      "version": "2.1.0",
      "resolved": "http://repository.vnerd.com/artifactory/api/npm/npm-pluralsight/cls-bluebird/-/cls-bluebird-2.1.0.tgz",
      "integrity": "sha1-N+8eCAqP+1XC9BZPU28ZGeeWiu4=",
      "requires": {
        "is-bluebird": "^1.0.2",
        "shimmer": "^1.1.0"
      }
    },
    "dottie": {
      "version": "2.0.1",
      "resolved": "http://repository.vnerd.com/artifactory/api/npm/npm-pluralsight/dottie/-/dottie-2.0.1.tgz",
      "integrity": "sha1-aXrZ1yAE23V00h+JJGajwoWJNlk="
    },
    "inflection": {
      "version": "1.12.0",
      "resolved": "http://repository.vnerd.com/artifactory/api/npm/npm-pluralsight/inflection/-/inflection-1.12.0.tgz",
      "integrity": "sha1-ogCTVlbW9fa8TcdQLhrstwMihBY="
    },
    "is-bluebird": {
      "version": "1.0.2",
      "resolved": "http://repository.vnerd.com/artifactory/api/npm/npm-pluralsight/is-bluebird/-/is-bluebird-1.0.2.tgz",
      "integrity": "sha1-CWQ5Bg9KpBGr7hkUOoTWpVNG1uI="
    },
    "lodash": {
      "version": "4.17.11",
      "resolved": "http://repository.vnerd.com/artifactory/api/npm/npm-pluralsight/lodash/-/lodash-4.17.11.tgz",
      "integrity": "sha1-s56mIp72B+zYniyN8SU2iRysm40="
    },
    "moment": {
      "version": "2.24.0",
      "resolved": "http://repository.vnerd.com/artifactory/api/npm/npm-pluralsight/moment/-/moment-2.24.0.tgz",
      "integrity": "sha1-DQVdU/UFKqZTyfbraLtdEr9cK1s="
    },
    "moment-timezone": {
      "version": "0.5.25",
      "resolved": "http://repository.vnerd.com/artifactory/api/npm/npm-pluralsight/moment-timezone/-/moment-timezone-0.5.25.tgz",
      "integrity": "sha1-oRv6L3TgiDJ/LNTAiz5731WVeBA=",
      "requires": {
        "moment": ">= 2.9.0"
      }
    },
    "packet-reader": {
      "version": "1.0.0",
      "resolved": "http://repository.vnerd.com/artifactory/api/npm/npm-pluralsight/packet-reader/-/packet-reader-1.0.0.tgz",
      "integrity": "sha1-kjjlSA3tq6z+H+PydxBj8WQVfXQ="
    },
    "pg": {
      "version": "7.10.0",
      "resolved": "http://repository.vnerd.com/artifactory/api/npm/npm-pluralsight/pg/-/pg-7.10.0.tgz",
      "integrity": "sha1-KjWe4p7RlxNErH9EMXqdG82AqP8=",
      "requires": {
        "buffer-writer": "2.0.0",
        "packet-reader": "1.0.0",
        "pg-connection-string": "0.1.3",
        "pg-pool": "^2.0.4",
        "pg-types": "~2.0.0",
        "pgpass": "1.x",
        "semver": "4.3.2"
      }
    },
    "pg-connection-string": {
      "version": "0.1.3",
      "resolved": "http://repository.vnerd.com/artifactory/api/npm/npm-pluralsight/pg-connection-string/-/pg-connection-string-0.1.3.tgz",
      "integrity": "sha1-2hhHsglA5C7hSSvq9l1J2RskXfc="
    },
    "pg-hstore": {
      "version": "2.3.2",
      "resolved": "http://repository.vnerd.com/artifactory/api/npm/npm-pluralsight/pg-hstore/-/pg-hstore-2.3.2.tgz",
      "integrity": "sha1-9+8FPnubiSrphq8vfL6GQy388k8=",
      "requires": {
        "underscore": "^1.7.0"
      }
    },
    "pg-int8": {
      "version": "1.0.1",
      "resolved": "http://repository.vnerd.com/artifactory/api/npm/npm-pluralsight/pg-int8/-/pg-int8-1.0.1.tgz",
      "integrity": "sha1-lDvUY79bcbQXARX4D478mgwOt4w="
    },
    "pg-pool": {
      "version": "2.0.6",
      "resolved": "http://repository.vnerd.com/artifactory/api/npm/npm-pluralsight/pg-pool/-/pg-pool-2.0.6.tgz",
      "integrity": "sha1-e1YaSC/rCg5Zm1i1E3/S2zrYERw="
    },
    "pg-types": {
      "version": "2.0.1",
      "resolved": "http://repository.vnerd.com/artifactory/api/npm/npm-pluralsight/pg-types/-/pg-types-2.0.1.tgz",
      "integrity": "sha1-uFhaN/Kpx7OGdH5EV0eZVJ5fSTM=",
      "requires": {
        "pg-int8": "1.0.1",
        "postgres-array": "~2.0.0",
        "postgres-bytea": "~1.0.0",
        "postgres-date": "~1.0.4",
        "postgres-interval": "^1.1.0"
      }
    },
    "pgpass": {
      "version": "1.0.2",
      "resolved": "http://repository.vnerd.com/artifactory/api/npm/npm-pluralsight/pgpass/-/pgpass-1.0.2.tgz",
      "integrity": "sha1-Knu0G2BltnkH6R2hsHwYR8h3swY=",
      "requires": {
        "split": "^1.0.0"
      }
    },
    "postgres-array": {
      "version": "2.0.0",
      "resolved": "http://repository.vnerd.com/artifactory/api/npm/npm-pluralsight/postgres-array/-/postgres-array-2.0.0.tgz",
      "integrity": "sha1-SPj84FT7xpZxmZMpuINLdyZS2C4="
    },
    "postgres-bytea": {
      "version": "1.0.0",
      "resolved": "http://repository.vnerd.com/artifactory/api/npm/npm-pluralsight/postgres-bytea/-/postgres-bytea-1.0.0.tgz",
      "integrity": "sha1-AntTPAqokOJtFy1Hz5zOzFIazTU="
    },
    "postgres-date": {
      "version": "1.0.4",
      "resolved": "http://repository.vnerd.com/artifactory/api/npm/npm-pluralsight/postgres-date/-/postgres-date-1.0.4.tgz",
      "integrity": "sha1-HCco1i7xv/SavdNcH4bUvfEYpyg="
    },
    "postgres-interval": {
      "version": "1.2.0",
      "resolved": "http://repository.vnerd.com/artifactory/api/npm/npm-pluralsight/postgres-interval/-/postgres-interval-1.2.0.tgz",
      "integrity": "sha1-tGDILLFYdQd4iBmgaqD//bNURpU=",
      "requires": {
        "xtend": "^4.0.0"
      }
    },
    "retry-as-promised": {
      "version": "3.2.0",
      "resolved": "http://repository.vnerd.com/artifactory/api/npm/npm-pluralsight/retry-as-promised/-/retry-as-promised-3.2.0.tgz",
      "integrity": "sha1-dp9j1Ta+xHg1SdsHd8tW2t2dhUM=",
      "requires": {
        "any-promise": "^1.3.0"
      }
    },
    "semver": {
      "version": "4.3.2",
      "resolved": "http://repository.vnerd.com/artifactory/api/npm/npm-pluralsight/semver/-/semver-4.3.2.tgz",
      "integrity": "sha1-x6BxWKgL7dBSNVt3DYLWZA+AO+c="
    },
    "sequelize": {
      "version": "5.7.6",
      "resolved": "http://repository.vnerd.com/artifactory/api/npm/npm-pluralsight/sequelize/-/sequelize-5.7.6.tgz",
      "integrity": "sha1-7VMaM41AdJx6gLo6iiEgSQ1Xsqw=",
      "requires": {
        "bluebird": "^3.5.0",
        "cls-bluebird": "^2.1.0",
        "debug": "^4.1.1",
        "dottie": "^2.0.0",
        "inflection": "1.12.0",
        "lodash": "^4.17.11",
        "moment": "^2.24.0",
        "moment-timezone": "^0.5.21",
        "retry-as-promised": "^3.1.0",
        "semver": "^5.6.0",
        "sequelize-pool": "^1.0.2",
        "toposort-class": "^1.0.1",
        "uuid": "^3.2.1",
        "validator": "^10.11.0",
        "wkx": "^0.4.6"
      },
      "dependencies": {
        "debug": {
          "version": "4.1.1",
          "resolved": "http://repository.vnerd.com/artifactory/api/npm/npm-pluralsight/debug/-/debug-4.1.1.tgz",
          "integrity": "sha1-O3ImAlUQnGtYnO4FDx1RYTlmR5E=",
          "requires": {
            "ms": "^2.1.1"
          }
        },
        "ms": {
          "version": "2.1.1",
          "resolved": "http://repository.vnerd.com/artifactory/api/npm/npm-pluralsight/ms/-/ms-2.1.1.tgz",
          "integrity": "sha1-MKWGTrPrsKZvLr5tcnrwagnYbgo="
        },
        "semver": {
          "version": "5.7.0",
          "resolved": "http://repository.vnerd.com/artifactory/api/npm/npm-pluralsight/semver/-/semver-5.7.0.tgz",
          "integrity": "sha1-eQp89v6lRZuslhELKbYEEtyP+Ws="
        }
      }
    },
    "sequelize-pool": {
      "version": "1.0.2",
      "resolved": "http://repository.vnerd.com/artifactory/api/npm/npm-pluralsight/sequelize-pool/-/sequelize-pool-1.0.2.tgz",
      "integrity": "sha1-icdniCu9uKQdrGaSLtmCCTmlQB4=",
      "requires": {
        "bluebird": "^3.5.3"
      },
      "dependencies": {
        "bluebird": {
          "version": "3.5.4",
          "resolved": "http://repository.vnerd.com/artifactory/api/npm/npm-pluralsight/bluebird/-/bluebird-3.5.4.tgz",
          "integrity": "sha1-1sxmFZXeMNWzr1/O3TwLPvbsVxQ="
        }
      }
    },
    "shimmer": {
      "version": "1.2.1",
      "resolved": "http://repository.vnerd.com/artifactory/api/npm/npm-pluralsight/shimmer/-/shimmer-1.2.1.tgz",
      "integrity": "sha1-YQhZ994ye1h+/r9QH7QxF/mv8zc="
    },
    "split": {
      "version": "1.0.1",
      "resolved": "http://repository.vnerd.com/artifactory/api/npm/npm-pluralsight/split/-/split-1.0.1.tgz",
      "integrity": "sha1-YFvZvjA6pZ+zX5Ip++oN3snqB9k=",
      "requires": {
        "through": "2"
      }
    },
    "through": {
      "version": "2.3.8",
      "resolved": "http://repository.vnerd.com/artifactory/api/npm/npm-pluralsight/through/-/through-2.3.8.tgz",
      "integrity": "sha1-DdTJ/6q8NXlgsbckEV1+Doai4fU="
    },
    "toposort-class": {
      "version": "1.0.1",
      "resolved": "http://repository.vnerd.com/artifactory/api/npm/npm-pluralsight/toposort-class/-/toposort-class-1.0.1.tgz",
      "integrity": "sha1-f/0feMi+KMO6Rc1OGj9e4ZO9mYg="
    },
    "underscore": {
      "version": "1.9.1",
      "resolved": "http://repository.vnerd.com/artifactory/api/npm/npm-pluralsight/underscore/-/underscore-1.9.1.tgz",
      "integrity": "sha1-BtzjSg5op7q8KbNluOdLiSUgOWE="
    },
    "uuid": {
      "version": "3.3.2",
      "resolved": "http://repository.vnerd.com/artifactory/api/npm/npm-pluralsight/uuid/-/uuid-3.3.2.tgz",
      "integrity": "sha1-G0r0lV6zB3xQHCOHL8ZROBFYcTE="
    },
    "validator": {
      "version": "10.11.0",
      "resolved": "http://repository.vnerd.com/artifactory/api/npm/npm-pluralsight/validator/-/validator-10.11.0.tgz",
      "integrity": "sha1-ADEI6m6amHTTHMyeUAaFbM12sig="
    },
    "wkx": {
      "version": "0.4.6",
      "resolved": "http://repository.vnerd.com/artifactory/api/npm/npm-pluralsight/wkx/-/wkx-0.4.6.tgz",
      "integrity": "sha1-Ioq1kuZFc4Lqb7efyCUFjQf85SM=",
      "requires": {
        "@types/node": "*"
      }
    },
    "xtend": {
      "version": "4.0.1",
      "resolved": "http://repository.vnerd.com/artifactory/api/npm/npm-pluralsight/xtend/-/xtend-4.0.1.tgz",
      "integrity": "sha1-pcbVMr5lbiPbgg77lDofBJmNY68="
    }
  }
}
